
Microsoft Visual Studio Solution File, Format Version 12.00
# Visual Studio Version 16
VisualStudioVersion = 16.0.31112.23
MinimumVisualStudioVersion = 10.0.40219.1
Project("{FAE04EC0-301F-11D3-BF4B-00C04F79EFBC}") = "EastViewAPI", "EastViewAPI.csproj", "{331152FD-340A-4257-9331-1C3FC9EAEA27}"
EndProject
Global
	GlobalSection(SolutionConfigurationPlatforms) = preSolution
		Debug|Any CPU = Debug|Any CPU
		Release|Any CPU = Release|Any CPU
	EndGlobalSection
	GlobalSection(ProjectConfigurationPlatforms) = postSolution
		{331152FD-340A-4257-9331-1C3FC9EAEA27}.Debug|Any CPU.ActiveCfg = Debug|Any CPU
		{331152FD-340A-4257-9331-1C3FC9EAEA27}.Debug|Any CPU.Build.0 = Debug|Any CPU
		{331152FD-340A-4257-9331-1C3FC9EAEA27}.Release|Any CPU.ActiveCfg = Release|Any CPU
		{331152FD-340A-4257-9331-1C3FC9EAEA27}.Release|Any CPU.Build.0 = Release|Any CPU
	EndGlobalSection
	GlobalSection(SolutionProperties) = preSolution
		HideSolutionNode = FALSE
	EndGlobalSection
	GlobalSection(ExtensibilityGlobals) = postSolution
		SolutionGuid = {3F86A7DF-2649-46FB-827A-D199F2A3257E}
	EndGlobalSection
EndGlobal
